
Microsoft Visual Studio Solution File, Format Version 12.00
# Visual Studio Version 17
VisualStudioVersion = 17.7.34221.43
MinimumVisualStudioVersion = 10.0.40219.1
Project("{FAE04EC0-301F-11D3-BF4B-00C04F79EFBC}") = "6.1", "6.1\6.1.csproj", "{F3D84319-42F2-4716-A1D8-CB6C3F802267}"
EndProject
Project("{FAE04EC0-301F-11D3-BF4B-00C04F79EFBC}") = "6.2", "6.2\6.2.csproj", "{0F6A1C8B-6FC3-4D81-98D7-D3A10AFFB66E}"
EndProject
Project("{FAE04EC0-301F-11D3-BF4B-00C04F79EFBC}") = "6.3", "6.3\6.3.csproj", "{52329191-3A97-4688-9482-3D865C363057}"
EndProject
Project("{FAE04EC0-301F-11D3-BF4B-00C04F79EFBC}") = "6.4", "6.4\6.4.csproj", "{3C9F9B9B-0471-414F-BA5B-8D24B960B612}"
EndProject
Project("{FAE04EC0-301F-11D3-BF4B-00C04F79EFBC}") = "6.5", "6.5\6.5.csproj", "{F84E125C-7504-4DBE-8D6C-6B1940E52CCF}"
EndProject
Project("{FAE04EC0-301F-11D3-BF4B-00C04F79EFBC}") = "6.6", "6.6\6.6.csproj", "{A7778425-DE1C-4343-B963-9915AD29D3FC}"
EndProject
Project("{FAE04EC0-301F-11D3-BF4B-00C04F79EFBC}") = "6.7", "6.7\6.7.csproj", "{4B5B83D0-6CEF-41B5-9637-2BFF56B98A51}"
EndProject
Project("{FAE04EC0-301F-11D3-BF4B-00C04F79EFBC}") = "6.8", "6.8\6.8.csproj", "{CB5D93DF-F000-4612-AD35-166FF0588E41}"
EndProject
Project("{FAE04EC0-301F-11D3-BF4B-00C04F79EFBC}") = "6.9", "6.9\6.9.csproj", "{457FA978-2F45-49D7-ACD3-2CC964B35ECC}"
EndProject
Project("{FAE04EC0-301F-11D3-BF4B-00C04F79EFBC}") = "6.10", "6.10\6.10.csproj", "{85E98E1C-A437-4E34-8D3C-A896170D0B62}"
EndProject
Project("{FAE04EC0-301F-11D3-BF4B-00C04F79EFBC}") = "6.11", "6.11\6.11.csproj", "{F030387D-53F3-4CD0-B28B-662D74EA9A12}"
EndProject
Project("{FAE04EC0-301F-11D3-BF4B-00C04F79EFBC}") = "6.12", "6.12\6.12.csproj", "{9EC4A307-6C92-4F1D-98FC-B17BCA60A50F}"
EndProject
Global
	GlobalSection(SolutionConfigurationPlatforms) = preSolution
		Debug|Any CPU = Debug|Any CPU
		Release|Any CPU = Release|Any CPU
	EndGlobalSection
	GlobalSection(ProjectConfigurationPlatforms) = postSolution
		{F3D84319-42F2-4716-A1D8-CB6C3F802267}.Debug|Any CPU.ActiveCfg = Debug|Any CPU
		{F3D84319-42F2-4716-A1D8-CB6C3F802267}.Debug|Any CPU.Build.0 = Debug|Any CPU
		{F3D84319-42F2-4716-A1D8-CB6C3F802267}.Release|Any CPU.ActiveCfg = Release|Any CPU
		{F3D84319-42F2-4716-A1D8-CB6C3F802267}.Release|Any CPU.Build.0 = Release|Any CPU
		{0F6A1C8B-6FC3-4D81-98D7-D3A10AFFB66E}.Debug|Any CPU.ActiveCfg = Debug|Any CPU
		{0F6A1C8B-6FC3-4D81-98D7-D3A10AFFB66E}.Debug|Any CPU.Build.0 = Debug|Any CPU
		{0F6A1C8B-6FC3-4D81-98D7-D3A10AFFB66E}.Release|Any CPU.ActiveCfg = Release|Any CPU
		{0F6A1C8B-6FC3-4D81-98D7-D3A10AFFB66E}.Release|Any CPU.Build.0 = Release|Any CPU
		{52329191-3A97-4688-9482-3D865C363057}.Debug|Any CPU.ActiveCfg = Debug|Any CPU
		{52329191-3A97-4688-9482-3D865C363057}.Debug|Any CPU.Build.0 = Debug|Any CPU
		{52329191-3A97-4688-9482-3D865C363057}.Release|Any CPU.ActiveCfg = Release|Any CPU
		{52329191-3A97-4688-9482-3D865C363057}.Release|Any CPU.Build.0 = Release|Any CPU
		{3C9F9B9B-0471-414F-BA5B-8D24B960B612}.Debug|Any CPU.ActiveCfg = Debug|Any CPU
		{3C9F9B9B-0471-414F-BA5B-8D24B960B612}.Debug|Any CPU.Build.0 = Debug|Any CPU
		{3C9F9B9B-0471-414F-BA5B-8D24B960B612}.Release|Any CPU.ActiveCfg = Release|Any CPU
		{3C9F9B9B-0471-414F-BA5B-8D24B960B612}.Release|Any CPU.Build.0 = Release|Any CPU
		{F84E125C-7504-4DBE-8D6C-6B1940E52CCF}.Debug|Any CPU.ActiveCfg = Debug|Any CPU
		{F84E125C-7504-4DBE-8D6C-6B1940E52CCF}.Debug|Any CPU.Build.0 = Debug|Any CPU
		{F84E125C-7504-4DBE-8D6C-6B1940E52CCF}.Release|Any CPU.ActiveCfg = Release|Any CPU
		{F84E125C-7504-4DBE-8D6C-6B1940E52CCF}.Release|Any CPU.Build.0 = Release|Any CPU
		{A7778425-DE1C-4343-B963-9915AD29D3FC}.Debug|Any CPU.ActiveCfg = Debug|Any CPU
		{A7778425-DE1C-4343-B963-9915AD29D3FC}.Debug|Any CPU.Build.0 = Debug|Any CPU
		{A7778425-DE1C-4343-B963-9915AD29D3FC}.Release|Any CPU.ActiveCfg = Release|Any CPU
		{A7778425-DE1C-4343-B963-9915AD29D3FC}.Release|Any CPU.Build.0 = Release|Any CPU
		{4B5B83D0-6CEF-41B5-9637-2BFF56B98A51}.Debug|Any CPU.ActiveCfg = Debug|Any CPU
		{4B5B83D0-6CEF-41B5-9637-2BFF56B98A51}.Debug|Any CPU.Build.0 = Debug|Any CPU
		{4B5B83D0-6CEF-41B5-9637-2BFF56B98A51}.Release|Any CPU.ActiveCfg = Release|Any CPU
		{4B5B83D0-6CEF-41B5-9637-2BFF56B98A51}.Release|Any CPU.Build.0 = Release|Any CPU
		{CB5D93DF-F000-4612-AD35-166FF0588E41}.Debug|Any CPU.ActiveCfg = Debug|Any CPU
		{CB5D93DF-F000-4612-AD35-166FF0588E41}.Debug|Any CPU.Build.0 = Debug|Any CPU
		{CB5D93DF-F000-4612-AD35-166FF0588E41}.Release|Any CPU.ActiveCfg = Release|Any CPU
		{CB5D93DF-F000-4612-AD35-166FF0588E41}.Release|Any CPU.Build.0 = Release|Any CPU
		{457FA978-2F45-49D7-ACD3-2CC964B35ECC}.Debug|Any CPU.ActiveCfg = Debug|Any CPU
		{457FA978-2F45-49D7-ACD3-2CC964B35ECC}.Debug|Any CPU.Build.0 = Debug|Any CPU
		{457FA978-2F45-49D7-ACD3-2CC964B35ECC}.Release|Any CPU.ActiveCfg = Release|Any CPU
		{457FA978-2F45-49D7-ACD3-2CC964B35ECC}.Release|Any CPU.Build.0 = Release|Any CPU
		{85E98E1C-A437-4E34-8D3C-A896170D0B62}.Debug|Any CPU.ActiveCfg = Debug|Any CPU
		{85E98E1C-A437-4E34-8D3C-A896170D0B62}.Debug|Any CPU.Build.0 = Debug|Any CPU
		{85E98E1C-A437-4E34-8D3C-A896170D0B62}.Release|Any CPU.ActiveCfg = Release|Any CPU
		{85E98E1C-A437-4E34-8D3C-A896170D0B62}.Release|Any CPU.Build.0 = Release|Any CPU
		{F030387D-53F3-4CD0-B28B-662D74EA9A12}.Debug|Any CPU.ActiveCfg = Debug|Any CPU
		{F030387D-53F3-4CD0-B28B-662D74EA9A12}.Debug|Any CPU.Build.0 = Debug|Any CPU
		{F030387D-53F3-4CD0-B28B-662D74EA9A12}.Release|Any CPU.ActiveCfg = Release|Any CPU
		{F030387D-53F3-4CD0-B28B-662D74EA9A12}.Release|Any CPU.Build.0 = Release|Any CPU
		{9EC4A307-6C92-4F1D-98FC-B17BCA60A50F}.Debug|Any CPU.ActiveCfg = Debug|Any CPU
		{9EC4A307-6C92-4F1D-98FC-B17BCA60A50F}.Debug|Any CPU.Build.0 = Debug|Any CPU
		{9EC4A307-6C92-4F1D-98FC-B17BCA60A50F}.Release|Any CPU.ActiveCfg = Release|Any CPU
		{9EC4A307-6C92-4F1D-98FC-B17BCA60A50F}.Release|Any CPU.Build.0 = Release|Any CPU
	EndGlobalSection
	GlobalSection(SolutionProperties) = preSolution
		HideSolutionNode = FALSE
	EndGlobalSection
	GlobalSection(ExtensibilityGlobals) = postSolution
		SolutionGuid = {9C4BE64D-053F-4662-A90D-57E1200DED0C}
	EndGlobalSection
EndGlobal
