
Microsoft Visual Studio Solution File, Format Version 12.00
# Visual Studio Version 17
VisualStudioVersion = 17.7.34221.43
MinimumVisualStudioVersion = 10.0.40219.1
Project("{FAE04EC0-301F-11D3-BF4B-00C04F79EFBC}") = "6.1", "6.1\6.1.csproj", "{F3D84319-42F2-4716-A1D8-CB6C3F802267}"
EndProject
Project("{FAE04EC0-301F-11D3-BF4B-00C04F79EFBC}") = "6.2", "6.2\6.2.csproj", "{0F6A1C8B-6FC3-4D81-98D7-D3A10AFFB66E}"
EndProject
Project("{FAE04EC0-301F-11D3-BF4B-00C04F79EFBC}") = "6.3", "6.3\6.3.csproj", "{52329191-3A97-4688-9482-3D865C363057}"
EndProject
Global
	GlobalSection(SolutionConfigurationPlatforms) = preSolution
		Debug|Any CPU = Debug|Any CPU
		Release|Any CPU = Release|Any CPU
	EndGlobalSection
	GlobalSection(ProjectConfigurationPlatforms) = postSolution
		{F3D84319-42F2-4716-A1D8-CB6C3F802267}.Debug|Any CPU.ActiveCfg = Debug|Any CPU
		{F3D84319-42F2-4716-A1D8-CB6C3F802267}.Debug|Any CPU.Build.0 = Debug|Any CPU
		{F3D84319-42F2-4716-A1D8-CB6C3F802267}.Release|Any CPU.ActiveCfg = Release|Any CPU
		{F3D84319-42F2-4716-A1D8-CB6C3F802267}.Release|Any CPU.Build.0 = Release|Any CPU
		{0F6A1C8B-6FC3-4D81-98D7-D3A10AFFB66E}.Debug|Any CPU.ActiveCfg = Debug|Any CPU
		{0F6A1C8B-6FC3-4D81-98D7-D3A10AFFB66E}.Debug|Any CPU.Build.0 = Debug|Any CPU
		{0F6A1C8B-6FC3-4D81-98D7-D3A10AFFB66E}.Release|Any CPU.ActiveCfg = Release|Any CPU
		{0F6A1C8B-6FC3-4D81-98D7-D3A10AFFB66E}.Release|Any CPU.Build.0 = Release|Any CPU
		{52329191-3A97-4688-9482-3D865C363057}.Debug|Any CPU.ActiveCfg = Debug|Any CPU
		{52329191-3A97-4688-9482-3D865C363057}.Debug|Any CPU.Build.0 = Debug|Any CPU
		{52329191-3A97-4688-9482-3D865C363057}.Release|Any CPU.ActiveCfg = Release|Any CPU
		{52329191-3A97-4688-9482-3D865C363057}.Release|Any CPU.Build.0 = Release|Any CPU
	EndGlobalSection
	GlobalSection(SolutionProperties) = preSolution
		HideSolutionNode = FALSE
	EndGlobalSection
	GlobalSection(ExtensibilityGlobals) = postSolution
		SolutionGuid = {9C4BE64D-053F-4662-A90D-57E1200DED0C}
	EndGlobalSection
EndGlobal
